
Microsoft Visual Studio Solution File, Format Version 12.00
# Visual Studio Version 17
VisualStudioVersion = 17.3.32825.248
MinimumVisualStudioVersion = 10.0.40219.1
Project("{FAE04EC0-301F-11D3-BF4B-00C04F79EFBC}") = "hangman", "hangman\hangman.csproj", "{477DA5BF-6558-416A-86A5-B310EBFDFC0B}"
EndProject
Global
	GlobalSection(SolutionConfigurationPlatforms) = preSolution
		Debug|Any CPU = Debug|Any CPU
		Release|Any CPU = Release|Any CPU
	EndGlobalSection
	GlobalSection(ProjectConfigurationPlatforms) = postSolution
		{477DA5BF-6558-416A-86A5-B310EBFDFC0B}.Debug|Any CPU.ActiveCfg = Debug|Any CPU
		{477DA5BF-6558-416A-86A5-B310EBFDFC0B}.Debug|Any CPU.Build.0 = Debug|Any CPU
		{477DA5BF-6558-416A-86A5-B310EBFDFC0B}.Release|Any CPU.ActiveCfg = Release|Any CPU
		{477DA5BF-6558-416A-86A5-B310EBFDFC0B}.Release|Any CPU.Build.0 = Release|Any CPU
	EndGlobalSection
	GlobalSection(SolutionProperties) = preSolution
		HideSolutionNode = FALSE
	EndGlobalSection
	GlobalSection(ExtensibilityGlobals) = postSolution
		SolutionGuid = {6D71CB9F-C03B-4DC6-8BCE-91EBCBDDE551}
	EndGlobalSection
EndGlobal
